
Microsoft Visual Studio Solution File, Format Version 12.00
# Visual Studio Version 16
VisualStudioVersion = 16.0.30804.86
MinimumVisualStudioVersion = 10.0.40219.1
Project("{9A19103F-16F7-4668-BE54-9A1E7A4F7556}") = "Day02", "Day02\Day02.csproj", "{D4341E5B-3F70-4AF4-9A07-43AFA063D3CC}"
EndProject
Project("{9A19103F-16F7-4668-BE54-9A1E7A4F7556}") = "Day03", "Day03\Day03.csproj", "{F2BB7FC3-C8B3-4D6C-8EC9-F2BC7635E747}"
EndProject
Project("{9A19103F-16F7-4668-BE54-9A1E7A4F7556}") = "Day04", "Day04\Day04.csproj", "{FF569AB1-291B-4B23-8EB5-68B268A56794}"
EndProject
Project("{9A19103F-16F7-4668-BE54-9A1E7A4F7556}") = "Day05", "Day05\Day05.csproj", "{44B12BF2-A213-4E68-8AF9-63FE3C328520}"
EndProject
Project("{9A19103F-16F7-4668-BE54-9A1E7A4F7556}") = "Day06", "Day06\Day06.csproj", "{B4718FDC-C7C3-4D65-AA76-7228FC5A5AC3}"
EndProject
Project("{9A19103F-16F7-4668-BE54-9A1E7A4F7556}") = "Day07", "Day07\Day07.csproj", "{9628D916-68FB-406D-B2FA-FE58C7CCA6F6}"
EndProject
Project("{9A19103F-16F7-4668-BE54-9A1E7A4F7556}") = "Day08", "Day08\Day08.csproj", "{65BA491A-545F-4C9F-A7DA-4E4E9BA4E4E2}"
EndProject
Project("{9A19103F-16F7-4668-BE54-9A1E7A4F7556}") = "Day09", "Day09\Day09.csproj", "{78C4EC90-A107-4761-91AB-FCBD20687C63}"
EndProject
Project("{9A19103F-16F7-4668-BE54-9A1E7A4F7556}") = "Day10", "Day10\Day10.csproj", "{50EFD70E-0342-410C-826A-9C7822AD56FC}"
EndProject
Project("{9A19103F-16F7-4668-BE54-9A1E7A4F7556}") = "Day11", "Day11\Day11.csproj", "{17FC0DB3-F35B-4380-8313-69DFD2222ED8}"
EndProject
Project("{9A19103F-16F7-4668-BE54-9A1E7A4F7556}") = "Day12", "Day12\Day12.csproj", "{165B9469-C0A4-40D7-929D-B76080195BCE}"
EndProject
Project("{9A19103F-16F7-4668-BE54-9A1E7A4F7556}") = "Day13", "Day13\Day13.csproj", "{D8CDABBE-A4C0-4230-82C8-1CD52B27B421}"
EndProject
Project("{9A19103F-16F7-4668-BE54-9A1E7A4F7556}") = "Day14", "Day14\Day14.csproj", "{62E1878D-6C39-4759-9C94-A6B1FEF254EE}"
EndProject
Project("{FAE04EC0-301F-11D3-BF4B-00C04F79EFBC}") = "Day15", "Day15\Day15.csproj", "{6FA61C8A-D726-4ACA-A3F4-DE721EFD1E0A}"
EndProject
Project("{FAE04EC0-301F-11D3-BF4B-00C04F79EFBC}") = "Day16", "Day16\Day16.csproj", "{20E40A77-76DA-4561-BC9E-2CDF7B0A6821}"
EndProject
Project("{FAE04EC0-301F-11D3-BF4B-00C04F79EFBC}") = "Day17", "Day17\Day17.csproj", "{941BFA5D-3943-49DB-AFE6-84CD9CA30CA0}"
EndProject
Project("{FAE04EC0-301F-11D3-BF4B-00C04F79EFBC}") = "Day18", "Day18\Day18.csproj", "{D47715F5-F2E4-4199-BD8E-5AE20D82323B}"
EndProject
Project("{FAE04EC0-301F-11D3-BF4B-00C04F79EFBC}") = "Day19", "Day19\Day19.csproj", "{E0C14288-2780-44A7-8059-18505C0ED384}"
EndProject
Project("{FAE04EC0-301F-11D3-BF4B-00C04F79EFBC}") = "Day20", "Day20\Day20.csproj", "{37A4AE1F-F4ED-4CF6-B234-745253098CEB}"
EndProject
Global
	GlobalSection(SolutionConfigurationPlatforms) = preSolution
		Debug|Any CPU = Debug|Any CPU
		Release|Any CPU = Release|Any CPU
	EndGlobalSection
	GlobalSection(ProjectConfigurationPlatforms) = postSolution
		{D4341E5B-3F70-4AF4-9A07-43AFA063D3CC}.Debug|Any CPU.ActiveCfg = Debug|Any CPU
		{D4341E5B-3F70-4AF4-9A07-43AFA063D3CC}.Debug|Any CPU.Build.0 = Debug|Any CPU
		{D4341E5B-3F70-4AF4-9A07-43AFA063D3CC}.Release|Any CPU.ActiveCfg = Release|Any CPU
		{D4341E5B-3F70-4AF4-9A07-43AFA063D3CC}.Release|Any CPU.Build.0 = Release|Any CPU
		{F2BB7FC3-C8B3-4D6C-8EC9-F2BC7635E747}.Debug|Any CPU.ActiveCfg = Debug|Any CPU
		{F2BB7FC3-C8B3-4D6C-8EC9-F2BC7635E747}.Debug|Any CPU.Build.0 = Debug|Any CPU
		{F2BB7FC3-C8B3-4D6C-8EC9-F2BC7635E747}.Release|Any CPU.ActiveCfg = Release|Any CPU
		{F2BB7FC3-C8B3-4D6C-8EC9-F2BC7635E747}.Release|Any CPU.Build.0 = Release|Any CPU
		{FF569AB1-291B-4B23-8EB5-68B268A56794}.Debug|Any CPU.ActiveCfg = Debug|Any CPU
		{FF569AB1-291B-4B23-8EB5-68B268A56794}.Debug|Any CPU.Build.0 = Debug|Any CPU
		{FF569AB1-291B-4B23-8EB5-68B268A56794}.Release|Any CPU.ActiveCfg = Release|Any CPU
		{FF569AB1-291B-4B23-8EB5-68B268A56794}.Release|Any CPU.Build.0 = Release|Any CPU
		{44B12BF2-A213-4E68-8AF9-63FE3C328520}.Debug|Any CPU.ActiveCfg = Debug|Any CPU
		{44B12BF2-A213-4E68-8AF9-63FE3C328520}.Debug|Any CPU.Build.0 = Debug|Any CPU
		{44B12BF2-A213-4E68-8AF9-63FE3C328520}.Release|Any CPU.ActiveCfg = Release|Any CPU
		{44B12BF2-A213-4E68-8AF9-63FE3C328520}.Release|Any CPU.Build.0 = Release|Any CPU
		{B4718FDC-C7C3-4D65-AA76-7228FC5A5AC3}.Debug|Any CPU.ActiveCfg = Debug|Any CPU
		{B4718FDC-C7C3-4D65-AA76-7228FC5A5AC3}.Debug|Any CPU.Build.0 = Debug|Any CPU
		{B4718FDC-C7C3-4D65-AA76-7228FC5A5AC3}.Release|Any CPU.ActiveCfg = Release|Any CPU
		{B4718FDC-C7C3-4D65-AA76-7228FC5A5AC3}.Release|Any CPU.Build.0 = Release|Any CPU
		{9628D916-68FB-406D-B2FA-FE58C7CCA6F6}.Debug|Any CPU.ActiveCfg = Debug|Any CPU
		{9628D916-68FB-406D-B2FA-FE58C7CCA6F6}.Debug|Any CPU.Build.0 = Debug|Any CPU
		{9628D916-68FB-406D-B2FA-FE58C7CCA6F6}.Release|Any CPU.ActiveCfg = Release|Any CPU
		{9628D916-68FB-406D-B2FA-FE58C7CCA6F6}.Release|Any CPU.Build.0 = Release|Any CPU
		{65BA491A-545F-4C9F-A7DA-4E4E9BA4E4E2}.Debug|Any CPU.ActiveCfg = Debug|Any CPU
		{65BA491A-545F-4C9F-A7DA-4E4E9BA4E4E2}.Debug|Any CPU.Build.0 = Debug|Any CPU
		{65BA491A-545F-4C9F-A7DA-4E4E9BA4E4E2}.Release|Any CPU.ActiveCfg = Release|Any CPU
		{65BA491A-545F-4C9F-A7DA-4E4E9BA4E4E2}.Release|Any CPU.Build.0 = Release|Any CPU
		{78C4EC90-A107-4761-91AB-FCBD20687C63}.Debug|Any CPU.ActiveCfg = Debug|Any CPU
		{78C4EC90-A107-4761-91AB-FCBD20687C63}.Debug|Any CPU.Build.0 = Debug|Any CPU
		{78C4EC90-A107-4761-91AB-FCBD20687C63}.Release|Any CPU.ActiveCfg = Release|Any CPU
		{78C4EC90-A107-4761-91AB-FCBD20687C63}.Release|Any CPU.Build.0 = Release|Any CPU
		{50EFD70E-0342-410C-826A-9C7822AD56FC}.Debug|Any CPU.ActiveCfg = Debug|Any CPU
		{50EFD70E-0342-410C-826A-9C7822AD56FC}.Debug|Any CPU.Build.0 = Debug|Any CPU
		{50EFD70E-0342-410C-826A-9C7822AD56FC}.Release|Any CPU.ActiveCfg = Release|Any CPU
		{50EFD70E-0342-410C-826A-9C7822AD56FC}.Release|Any CPU.Build.0 = Release|Any CPU
		{17FC0DB3-F35B-4380-8313-69DFD2222ED8}.Debug|Any CPU.ActiveCfg = Debug|Any CPU
		{17FC0DB3-F35B-4380-8313-69DFD2222ED8}.Debug|Any CPU.Build.0 = Debug|Any CPU
		{17FC0DB3-F35B-4380-8313-69DFD2222ED8}.Release|Any CPU.ActiveCfg = Release|Any CPU
		{17FC0DB3-F35B-4380-8313-69DFD2222ED8}.Release|Any CPU.Build.0 = Release|Any CPU
		{165B9469-C0A4-40D7-929D-B76080195BCE}.Debug|Any CPU.ActiveCfg = Debug|Any CPU
		{165B9469-C0A4-40D7-929D-B76080195BCE}.Debug|Any CPU.Build.0 = Debug|Any CPU
		{165B9469-C0A4-40D7-929D-B76080195BCE}.Release|Any CPU.ActiveCfg = Release|Any CPU
		{165B9469-C0A4-40D7-929D-B76080195BCE}.Release|Any CPU.Build.0 = Release|Any CPU
		{D8CDABBE-A4C0-4230-82C8-1CD52B27B421}.Debug|Any CPU.ActiveCfg = Debug|Any CPU
		{D8CDABBE-A4C0-4230-82C8-1CD52B27B421}.Debug|Any CPU.Build.0 = Debug|Any CPU
		{D8CDABBE-A4C0-4230-82C8-1CD52B27B421}.Release|Any CPU.ActiveCfg = Release|Any CPU
		{D8CDABBE-A4C0-4230-82C8-1CD52B27B421}.Release|Any CPU.Build.0 = Release|Any CPU
		{62E1878D-6C39-4759-9C94-A6B1FEF254EE}.Debug|Any CPU.ActiveCfg = Debug|Any CPU
		{62E1878D-6C39-4759-9C94-A6B1FEF254EE}.Debug|Any CPU.Build.0 = Debug|Any CPU
		{62E1878D-6C39-4759-9C94-A6B1FEF254EE}.Release|Any CPU.ActiveCfg = Release|Any CPU
		{62E1878D-6C39-4759-9C94-A6B1FEF254EE}.Release|Any CPU.Build.0 = Release|Any CPU
		{6FA61C8A-D726-4ACA-A3F4-DE721EFD1E0A}.Debug|Any CPU.ActiveCfg = Debug|Any CPU
		{6FA61C8A-D726-4ACA-A3F4-DE721EFD1E0A}.Debug|Any CPU.Build.0 = Debug|Any CPU
		{6FA61C8A-D726-4ACA-A3F4-DE721EFD1E0A}.Release|Any CPU.ActiveCfg = Release|Any CPU
		{6FA61C8A-D726-4ACA-A3F4-DE721EFD1E0A}.Release|Any CPU.Build.0 = Release|Any CPU
		{20E40A77-76DA-4561-BC9E-2CDF7B0A6821}.Debug|Any CPU.ActiveCfg = Debug|Any CPU
		{20E40A77-76DA-4561-BC9E-2CDF7B0A6821}.Debug|Any CPU.Build.0 = Debug|Any CPU
		{20E40A77-76DA-4561-BC9E-2CDF7B0A6821}.Release|Any CPU.ActiveCfg = Release|Any CPU
		{20E40A77-76DA-4561-BC9E-2CDF7B0A6821}.Release|Any CPU.Build.0 = Release|Any CPU
		{941BFA5D-3943-49DB-AFE6-84CD9CA30CA0}.Debug|Any CPU.ActiveCfg = Debug|Any CPU
		{941BFA5D-3943-49DB-AFE6-84CD9CA30CA0}.Debug|Any CPU.Build.0 = Debug|Any CPU
		{941BFA5D-3943-49DB-AFE6-84CD9CA30CA0}.Release|Any CPU.ActiveCfg = Release|Any CPU
		{941BFA5D-3943-49DB-AFE6-84CD9CA30CA0}.Release|Any CPU.Build.0 = Release|Any CPU
		{D47715F5-F2E4-4199-BD8E-5AE20D82323B}.Debug|Any CPU.ActiveCfg = Debug|Any CPU
		{D47715F5-F2E4-4199-BD8E-5AE20D82323B}.Debug|Any CPU.Build.0 = Debug|Any CPU
		{D47715F5-F2E4-4199-BD8E-5AE20D82323B}.Release|Any CPU.ActiveCfg = Release|Any CPU
		{D47715F5-F2E4-4199-BD8E-5AE20D82323B}.Release|Any CPU.Build.0 = Release|Any CPU
		{E0C14288-2780-44A7-8059-18505C0ED384}.Debug|Any CPU.ActiveCfg = Debug|Any CPU
		{E0C14288-2780-44A7-8059-18505C0ED384}.Debug|Any CPU.Build.0 = Debug|Any CPU
		{E0C14288-2780-44A7-8059-18505C0ED384}.Release|Any CPU.ActiveCfg = Release|Any CPU
		{E0C14288-2780-44A7-8059-18505C0ED384}.Release|Any CPU.Build.0 = Release|Any CPU
		{37A4AE1F-F4ED-4CF6-B234-745253098CEB}.Debug|Any CPU.ActiveCfg = Debug|Any CPU
		{37A4AE1F-F4ED-4CF6-B234-745253098CEB}.Debug|Any CPU.Build.0 = Debug|Any CPU
		{37A4AE1F-F4ED-4CF6-B234-745253098CEB}.Release|Any CPU.ActiveCfg = Release|Any CPU
		{37A4AE1F-F4ED-4CF6-B234-745253098CEB}.Release|Any CPU.Build.0 = Release|Any CPU
	EndGlobalSection
	GlobalSection(SolutionProperties) = preSolution
		HideSolutionNode = FALSE
	EndGlobalSection
	GlobalSection(ExtensibilityGlobals) = postSolution
		SolutionGuid = {66F63984-C8C4-4E17-9997-DC8DE6909AD2}
	EndGlobalSection
EndGlobal
